
Microsoft Visual Studio Solution File, Format Version 12.00
# Visual Studio 15
VisualStudioVersion = 15.0.28307.329
MinimumVisualStudioVersion = 10.0.40219.1
Project("{9A19103F-16F7-4668-BE54-9A1E7A4F7556}") = "TwaddleGram", "TwaddleGram\TwaddleGram.csproj", "{0AFB6642-5344-4C5B-BCBE-93213304E0DE}"
EndProject
Project("{FAE04EC0-301F-11D3-BF4B-00C04F79EFBC}") = "UnitTests", "UnitTests\UnitTests.csproj", "{C23E471C-2F53-4551-A734-6BD5DCA37A45}"
EndProject
Global
	GlobalSection(SolutionConfigurationPlatforms) = preSolution
		Debug|Any CPU = Debug|Any CPU
		Release|Any CPU = Release|Any CPU
	EndGlobalSection
	GlobalSection(ProjectConfigurationPlatforms) = postSolution
		{0AFB6642-5344-4C5B-BCBE-93213304E0DE}.Debug|Any CPU.ActiveCfg = Debug|Any CPU
		{0AFB6642-5344-4C5B-BCBE-93213304E0DE}.Debug|Any CPU.Build.0 = Debug|Any CPU
		{0AFB6642-5344-4C5B-BCBE-93213304E0DE}.Release|Any CPU.ActiveCfg = Release|Any CPU
		{0AFB6642-5344-4C5B-BCBE-93213304E0DE}.Release|Any CPU.Build.0 = Release|Any CPU
		{C23E471C-2F53-4551-A734-6BD5DCA37A45}.Debug|Any CPU.ActiveCfg = Debug|Any CPU
		{C23E471C-2F53-4551-A734-6BD5DCA37A45}.Debug|Any CPU.Build.0 = Debug|Any CPU
		{C23E471C-2F53-4551-A734-6BD5DCA37A45}.Release|Any CPU.ActiveCfg = Release|Any CPU
		{C23E471C-2F53-4551-A734-6BD5DCA37A45}.Release|Any CPU.Build.0 = Release|Any CPU
	EndGlobalSection
	GlobalSection(SolutionProperties) = preSolution
		HideSolutionNode = FALSE
	EndGlobalSection
	GlobalSection(ExtensibilityGlobals) = postSolution
		SolutionGuid = {F63FCD34-1933-485D-A3FC-2ED3ABC4CD7F}
	EndGlobalSection
EndGlobal
